{
  "name": "yn-benchmark",
  "version": "0.1.0",
  "lockfileVersion": 3,
  "requires": true,
  "packages": {
    "": {
      "name": "yn-benchmark",
      "version": "0.1.0",
      "dependencies": {
        "tinybench": "^3.1.1",
        "yjs": "^13.6.20",
        "yn": "file:..",
        "ywasm": "^0.26.0"
      }
    },
    "..": {
      "version": "0.1.0",
      "license": "ISC",
      "devDependencies": {
        "@neon-rs/cli": "0.1.82"
      }
    },
    "../yn": {
      "version": "0.1.0",
      "extraneous": true,
      "license": "ISC",
      "devDependencies": {
        "@neon-rs/cli": "0.1.82"
      }
    },
    "node_modules/isomorphic.js": {
      "version": "0.2.5",
      "resolved": "https://registry.npmjs.org/isomorphic.js/-/isomorphic.js-0.2.5.tgz",
      "integrity": "sha512-PIeMbHqMt4DnUP3MA/Flc0HElYjMXArsw1qwJZcm9sqR8mq3l8NYizFMty0pWwE/tzIGH3EKK5+jes5mAr85yw==",
      "license": "MIT",
      "funding": {
        "type": "GitHub Sponsors ❤",
        "url": "https://github.com/sponsors/dmonad"
      }
    },
    "node_modules/lib0": {
      "version": "0.2.117",
      "resolved": "https://registry.npmjs.org/lib0/-/lib0-0.2.117.tgz",
      "integrity": "sha512-DeXj9X5xDCjgKLU/7RR+/HQEVzuuEUiwldwOGsHK/sfAfELGWEyTcf0x+uOvCvK3O2zPmZePXWL85vtia6GyZw==",
      "license": "MIT",
      "dependencies": {
        "isomorphic.js": "^0.2.4"
      },
      "bin": {
        "0ecdsa-generate-keypair": "bin/0ecdsa-generate-keypair.js",
        "0gentesthtml": "bin/gentesthtml.js",
        "0serve": "bin/0serve.js"
      },
      "engines": {
        "node": ">=16"
      },
      "funding": {
        "type": "GitHub Sponsors ❤",
        "url": "https://github.com/sponsors/dmonad"
      }
    },
    "node_modules/tinybench": {
      "version": "3.1.1",
      "resolved": "https://registry.npmjs.org/tinybench/-/tinybench-3.1.1.tgz",
      "integrity": "sha512-74pmf47HY/bHqamcCMGris+1AtGGsqTZ3Hc/UK4QvSmRuf/9PIF9753+c8XBh7JfX2r9KeZtVjOYjd6vFpc0qQ==",
      "license": "MIT",
      "engines": {
        "node": ">=18.0.0"
      }
    },
    "node_modules/yjs": {
      "version": "13.6.30",
      "resolved": "https://registry.npmjs.org/yjs/-/yjs-13.6.30.tgz",
      "integrity": "sha512-vv/9h42eCMC81ZHDFswuu/MKzkl/vyq1BhaNGfHyOonwlG4CJbQF4oiBBJPvfdeCt/PlVDWh7Nov9D34YY09uQ==",
      "license": "MIT",
      "dependencies": {
        "lib0": "^0.2.99"
      },
      "engines": {
        "node": ">=16.0.0",
        "npm": ">=8.0.0"
      },
      "funding": {
        "type": "GitHub Sponsors ❤",
        "url": "https://github.com/sponsors/dmonad"
      }
    },
    "node_modules/yn": {
      "resolved": "..",
      "link": true
    },
    "node_modules/ywasm": {
      "version": "0.26.0",
      "resolved": "https://registry.npmjs.org/ywasm/-/ywasm-0.26.0.tgz",
      "integrity": "sha512-ZbWTEuj7reKVejfsj+kDfGH0iRrQJPTW5m3hPR/D7ODqxs9izPe+MQENsJm8UkdYq/l4rQpV+JtkoPcakL23VQ==",
      "license": "MIT"
    }
  }
}
